// !$*UTF8*$!
{
	archiveVersion = 1;
	classes = {
	};
	objectVersion = 46;
	objects = {

/* Begin PBXBuildFile section */
		AECC9F7C1BD6554D00AEC1F2 /* main.m in Sources */ = {isa = PBXBuildFile; fileRef = AECC9F7B1BD6554D00AEC1F2 /* main.m */; };
		AECC9F7F1BD6554D00AEC1F2 /* AppDelegate.m in Sources */ = {isa = PBXBuildFile; fileRef = AECC9F7E1BD6554D00AEC1F2 /* AppDelegate.m */; };
		AECC9F821BD6554D00AEC1F2 /* ViewController.m in Sources */ = {isa = PBXBuildFile; fileRef = AECC9F811BD6554D00AEC1F2 /* ViewController.m */; };
		AECC9F851BD6554D00AEC1F2 /* Main.storyboard in Resources */ = {isa = PBXBuildFile; fileRef = AECC9F831BD6554D00AEC1F2 /* Main.storyboard */; };
		AECC9F881BD6554D00AEC1F2 /* test_two_windows.xcdatamodeld in Sources */ = {isa = PBXBuildFile; fileRef = AECC9F861BD6554D00AEC1F2 /* test_two_windows.xcdatamodeld */; };
		AECC9F8A1BD6554D00AEC1F2 /* Assets.xcassets in Resources */ = {isa = PBXBuildFile; fileRef = AECC9F891BD6554D00AEC1F2 /* Assets.xcassets */; };
		AECC9F8D1BD6554D00AEC1F2 /* LaunchScreen.storyboard in Resources */ = {isa = PBXBuildFile; fileRef = AECC9F8B1BD6554D00AEC1F2 /* LaunchScreen.storyboard */; };
/* End PBXBuildFile section */

/* Begin PBXFileReference section */
		AECC9F771BD6554D00AEC1F2 /* test two windows.app */ = {isa = PBXFileReference; explicitFileType = wrapper.application; includeInIndex = 0; path = "test two windows.app"; sourceTree = BUILT_PRODUCTS_DIR; };
		AECC9F7B1BD6554D00AEC1F2 /* main.m */ = {isa = PBXFileReference; lastKnownFileType = sourcecode.c.objc; path = main.m; sourceTree = "<group>"; };
		AECC9F7D1BD6554D00AEC1F2 /* AppDelegate.h */ = {isa = PBXFileReference; lastKnownFileType = sourcecode.c.h; path = AppDelegate.h; sourceTree = "<group>"; };
		AECC9F7E1BD6554D00AEC1F2 /* AppDelegate.m */ = {isa = PBXFileReference; lastKnownFileType = sourcecode.c.objc; path = AppDelegate.m; sourceTree = "<group>"; };
		AECC9F801BD6554D00AEC1F2 /* ViewController.h */ = {isa = PBXFileReference; lastKnownFileType = sourcecode.c.h; path = ViewController.h; sourceTree = "<group>"; };
		AECC9F811BD6554D00AEC1F2 /* ViewController.m */ = {isa = PBXFileReference; lastKnownFileType = sourcecode.c.objc; path = ViewController.m; sourceTree = "<group>"; };
		AECC9F841BD6554D00AEC1F2 /* Base */ = {isa = PBXFileReference; lastKnownFileType = file.storyboard; name = Base; path = Base.lproj/Main.storyboard; sourceTree = "<group>"; };
		AECC9F871BD6554D00AEC1F2 /* test_two_windows.xcdatamodel */ = {isa = PBXFileReference; lastKnownFileType = wrapper.xcdatamodel; path = test_two_windows.xcdatamodel; sourceTree = "<group>"; };
		AECC9F891BD6554D00AEC1F2 /* Assets.xcassets */ = {isa = PBXFileReference; lastKnownFileType = folder.assetcatalog; path = Assets.xcassets; sourceTree = "<group>"; };
		AECC9F8C1BD6554D00AEC1F2 /* Base */ = {isa = PBXFileReference; lastKnownFileType = file.storyboard; name = Base; path = Base.lproj/LaunchScreen.storyboard; sourceTree = "<group>"; };
		AECC9F8E1BD6554D00AEC1F2 /* Info.plist */ = {isa = PBXFileReference; lastKnownFileType = text.plist.xml; path = Info.plist; sourceTree = "<group>"; };
/* End PBXFileReference section */

/* Begin PBXFrameworksBuildPhase section */
		AECC9F741BD6554D00AEC1F2 /* Frameworks */ = {
			isa = PBXFrameworksBuildPhase;
			buildActionMask = 2147483647;
			files = (
			);
			runOnlyForDeploymentPostprocessing = 0;
		};
/* End PBXFrameworksBuildPhase section */

/* Begin PBXGroup section */
		AECC9F6E1BD6554D00AEC1F2 = {
			isa = PBXGroup;
			children = (
				AECC9F791BD6554D00AEC1F2 /* test two windows */,
				AECC9F781BD6554D00AEC1F2 /* Products */,
			);
			sourceTree = "<group>";
		};
		AECC9F781BD6554D00AEC1F2 /* Products */ = {
			isa = PBXGroup;
			children = (
				AECC9F771BD6554D00AEC1F2 /* test two windows.app */,
			);
			name = Products;
			sourceTree = "<group>";
		};
		AECC9F791BD6554D00AEC1F2 /* test two windows */ = {
			isa = PBXGroup;
			children = (
				AECC9F7D1BD6554D00AEC1F2 /* AppDelegate.h */,
				AECC9F7E1BD6554D00AEC1F2 /* AppDelegate.m */,
				AECC9F801BD6554D00AEC1F2 /* ViewController.h */,
				AECC9F811BD6554D00AEC1F2 /* ViewController.m */,
				AECC9F831BD6554D00AEC1F2 /* Main.storyboard */,
				AECC9F891BD6554D00AEC1F2 /* Assets.xcassets */,
				AECC9F8B1BD6554D00AEC1F2 /* LaunchScreen.storyboard */,
				AECC9F8E1BD6554D00AEC1F2 /* Info.plist */,
				AECC9F861BD6554D00AEC1F2 /* test_two_windows.xcdatamodeld */,
				AECC9F7A1BD6554D00AEC1F2 /* Supporting Files */,
			);
			path = "test two windows";
			sourceTree = "<group>";
		};
		AECC9F7A1BD6554D00AEC1F2 /* Supporting Files */ = {
			isa = PBXGroup;
			children = (
				AECC9F7B1BD6554D00AEC1F2 /* main.m */,
			);
			name = "Supporting Files";
			sourceTree = "<group>";
		};
/* End PBXGroup section */

/* Begin PBXNativeTarget section */
		AECC9F761BD6554D00AEC1F2 /* test two windows */ = {
			isa = PBXNativeTarget;
			buildConfigurationList = AECC9F911BD6554D00AEC1F2 /* Build configuration list for PBXNativeTarget "test two windows" */;
			buildPhases = (
				AECC9F731BD6554D00AEC1F2 /* Sources */,
				AECC9F741BD6554D00AEC1F2 /* Frameworks */,
				AECC9F751BD6554D00AEC1F2 /* Resources */,
			);
			buildRules = (
			);
			dependencies = (
			);
			name = "test two windows";
			productName = "test two windows";
			productReference = AECC9F771BD6554D00AEC1F2 /* test two windows.app */;
			productType = "com.apple.product-type.application";
		};
/* End PBXNativeTarget section */

/* Begin PBXProject section */
		AECC9F6F1BD6554D00AEC1F2 /* Project object */ = {
			isa = PBXProject;
			attributes = {
				LastUpgradeCheck = 0700;
				ORGANIZATIONNAME = "William Smith";
				TargetAttributes = {
					AECC9F761BD6554D00AEC1F2 = {
						CreatedOnToolsVersion = 7.0.1;
					};
				};
			};
			buildConfigurationList = AECC9F721BD6554D00AEC1F2 /* Build configuration list for PBXProject "test two windows" */;
			compatibilityVersion = "Xcode 3.2";
			developmentRegion = English;
			hasScannedForEncodings = 0;
			knownRegions = (
				en,
				Base,
			);
			mainGroup = AECC9F6E1BD6554D00AEC1F2;
			productRefGroup = AECC9F781BD6554D00AEC1F2 /* Products */;
			projectDirPath = "";
			projectRoot = "";
			targets = (
				AECC9F761BD6554D00AEC1F2 /* test two windows */,
			);
		};
/* End PBXProject section */

/* Begin PBXResourcesBuildPhase section */
		AECC9F751BD6554D00AEC1F2 /* Resources */ = {
			isa = PBXResourcesBuildPhase;
			buildActionMask = 2147483647;
			files = (
				AECC9F8D1BD6554D00AEC1F2 /* LaunchScreen.storyboard in Resources */,
				AECC9F8A1BD6554D00AEC1F2 /* Assets.xcassets in Resources */,
				AECC9F851BD6554D00AEC1F2 /* Main.storyboard in Resources */,
			);
			runOnlyForDeploymentPostprocessing = 0;
		};
/* End PBXResourcesBuildPhase section */

/* Begin PBXSourcesBuildPhase section */
		AECC9F731BD6554D00AEC1F2 /* Sources */ = {
			isa = PBXSourcesBuildPhase;
			buildActionMask = 2147483647;
			files = (
				AECC9F881BD6554D00AEC1F2 /* test_two_windows.xcdatamodeld in Sources */,
				AECC9F821BD6554D00AEC1F2 /* ViewController.m in Sources */,
				AECC9F7F1BD6554D00AEC1F2 /* AppDelegate.m in Sources */,
				AECC9F7C1BD6554D00AEC1F2 /* main.m in Sources */,
			);
			runOnlyForDeploymentPostprocessing = 0;
		};
/* End PBXSourcesBuildPhase section */

/* Begin PBXVariantGroup section */
		AECC9F831BD6554D00AEC1F2 /* Main.storyboard */ = {
			isa = PBXVariantGroup;
			children = (
				AECC9F841BD6554D00AEC1F2 /* Base */,
			);
			name = Main.storyboard;
			sourceTree = "<group>";
		};
		AECC9F8B1BD6554D00AEC1F2 /* LaunchScreen.storyboard */ = {
			isa = PBXVariantGroup;
			children = (
				AECC9F8C1BD6554D00AEC1F2 /* Base */,
			);
			name = LaunchScreen.storyboard;
			sourceTree = "<group>";
		};
/* End PBXVariantGroup section */

/* Begin XCBuildConfiguration section */
		AECC9F8F1BD6554D00AEC1F2 /* Debug */ = {
			isa = XCBuildConfiguration;
			buildSettings = {
				ALWAYS_SEARCH_USER_PATHS = NO;
				CLANG_CXX_LANGUAGE_STANDARD = "gnu++0x";
				CLANG_CXX_LIBRARY = "libc++";
				CLANG_ENABLE_MODULES = YES;
				CLANG_ENABLE_OBJC_ARC = YES;
				CLANG_WARN_BOOL_CONVERSION = YES;
				CLANG_WARN_CONSTANT_CONVERSION = YES;
				CLANG_WARN_DIRECT_OBJC_ISA_USAGE = YES_ERROR;
				CLANG_WARN_EMPTY_BODY = YES;
				CLANG_WARN_ENUM_CONVERSION = YES;
				CLANG_WARN_INT_CONVERSION = YES;
				CLANG_WARN_OBJC_ROOT_CLASS = YES_ERROR;
				CLANG_WARN_UNREACHABLE_CODE = YES;
				CLANG_WARN__DUPLICATE_METHOD_MATCH = YES;
				"CODE_SIGN_IDENTITY[sdk=iphoneos*]" = "iPhone Developer";
				COPY_PHASE_STRIP = NO;
				DEBUG_INFORMATION_FORMAT = dwarf;
				ENABLE_STRICT_OBJC_MSGSEND = YES;
				ENABLE_TESTABILITY = YES;
				GCC_C_LANGUAGE_STANDARD = gnu99;
				GCC_DYNAMIC_NO_PIC = NO;
				GCC_NO_COMMON_BLOCKS = YES;
				GCC_OPTIMIZATION_LEVEL = 0;
				GCC_PREPROCESSOR_DEFINITIONS = (
					"DEBUG=1",
					"$(inherited)",
				);
				GCC_WARN_64_TO_32_BIT_CONVERSION = YES;
				GCC_WARN_ABOUT_RETURN_TYPE = YES_ERROR;
				GCC_WARN_UNDECLARED_SELECTOR = YES;
				GCC_WARN_UNINITIALIZED_AUTOS = YES_AGGRESSIVE;
				GCC_WARN_UNUSED_FUNCTION = YES;
				GCC_WARN_UNUSED_VARIABLE = YES;
				IPHONEOS_DEPLOYMENT_TARGET = 9.0;
				MTL_ENABLE_DEBUG_INFO = YES;
				ONLY_ACTIVE_ARCH = YES;
				SDKROOT = iphoneos;
			};
			name = Debug;
		};
		AECC9F901BD6554D00AEC1F2 /* Release */ = {
			isa = XCBuildConfiguration;
			buildSettings = {
				ALWAYS_SEARCH_USER_PATHS = NO;
				CLANG_CXX_LANGUAGE_STANDARD = "gnu++0x";
				CLANG_CXX_LIBRARY = "libc++";
				CLANG_ENABLE_MODULES = YES;
				CLANG_ENABLE_OBJC_ARC = YES;
				CLANG_WARN_BOOL_CONVERSION = YES;
				CLANG_WARN_CONSTANT_CONVERSION = YES;
				CLANG_WARN_DIRECT_OBJC_ISA_USAGE = YES_ERROR;
				CLANG_WARN_EMPTY_BODY = YES;
				CLANG_WARN_ENUM_CONVERSION = YES;
				CLANG_WARN_INT_CONVERSION = YES;
				CLANG_WARN_OBJC_ROOT_CLASS = YES_ERROR;
				CLANG_WARN_UNREACHABLE_CODE = YES;
				CLANG_WARN__DUPLICATE_METHOD_MATCH = YES;
				"CODE_SIGN_IDENTITY[sdk=iphoneos*]" = "iPhone Developer";
				COPY_PHASE_STRIP = NO;
				DEBUG_INFORMATION_FORMAT = "dwarf-with-dsym";
				ENABLE_NS_ASSERTIONS = NO;
				ENABLE_STRICT_OBJC_MSGSEND = YES;
				GCC_C_LANGUAGE_STANDARD = gnu99;
				GCC_NO_COMMON_BLOCKS = YES;
				GCC_WARN_64_TO_32_BIT_CONVERSION = YES;
				GCC_WARN_ABOUT_RETURN_TYPE = YES_ERROR;
				GCC_WARN_UNDECLARED_SELECTOR = YES;
				GCC_WARN_UNINITIALIZED_AUTOS = YES_AGGRESSIVE;
				GCC_WARN_UNUSED_FUNCTION = YES;
				GCC_WARN_UNUSED_VARIABLE = YES;
				IPHONEOS_DEPLOYMENT_TARGET = 9.0;
				MTL_ENABLE_DEBUG_INFO = NO;
				SDKROOT = iphoneos;
				VALIDATE_PRODUCT = YES;
			};
			name = Release;
		};
		AECC9F921BD6554D00AEC1F2 /* Debug */ = {
			isa = XCBuildConfiguration;
			buildSettings = {
				ASSETCATALOG_COMPILER_APPICON_NAME = AppIcon;
				INFOPLIST_FILE = "test two windows/Info.plist";
				LD_RUNPATH_SEARCH_PATHS = "$(inherited) @executable_path/Frameworks";
				PRODUCT_BUNDLE_IDENTIFIER = "edu.umsl.test-two-windows";
				PRODUCT_NAME = "$(TARGET_NAME)";
			};
			name = Debug;
		};
		AECC9F931BD6554D00AEC1F2 /* Release */ = {
			isa = XCBuildConfiguration;
			buildSettings = {
				ASSETCATALOG_COMPILER_APPICON_NAME = AppIcon;
				INFOPLIST_FILE = "test two windows/Info.plist";
				LD_RUNPATH_SEARCH_PATHS = "$(inherited) @executable_path/Frameworks";
				PRODUCT_BUNDLE_IDENTIFIER = "edu.umsl.test-two-windows";
				PRODUCT_NAME = "$(TARGET_NAME)";
			};
			name = Release;
		};
/* End XCBuildConfiguration section */

/* Begin XCConfigurationList section */
		AECC9F721BD6554D00AEC1F2 /* Build configuration list for PBXProject "test two windows" */ = {
			isa = XCConfigurationList;
			buildConfigurations = (
				AECC9F8F1BD6554D00AEC1F2 /* Debug */,
				AECC9F901BD6554D00AEC1F2 /* Release */,
			);
			defaultConfigurationIsVisible = 0;
			defaultConfigurationName = Release;
		};
		AECC9F911BD6554D00AEC1F2 /* Build configuration list for PBXNativeTarget "test two windows" */ = {
			isa = XCConfigurationList;
			buildConfigurations = (
				AECC9F921BD6554D00AEC1F2 /* Debug */,
				AECC9F931BD6554D00AEC1F2 /* Release */,
			);
			defaultConfigurationIsVisible = 0;
		};
/* End XCConfigurationList section */

/* Begin XCVersionGroup section */
		AECC9F861BD6554D00AEC1F2 /* test_two_windows.xcdatamodeld */ = {
			isa = XCVersionGroup;
			children = (
				AECC9F871BD6554D00AEC1F2 /* test_two_windows.xcdatamodel */,
			);
			currentVersion = AECC9F871BD6554D00AEC1F2 /* test_two_windows.xcdatamodel */;
			path = test_two_windows.xcdatamodeld;
			sourceTree = "<group>";
			versionGroupType = wrapper.xcdatamodel;
		};
/* End XCVersionGroup section */
	};
	rootObject = AECC9F6F1BD6554D00AEC1F2 /* Project object */;
}
