// !$*UTF8*$!
{
	archiveVersion = 1;
	classes = {
	};
	objectVersion = 46;
	objects = {

/* Begin PBXBuildFile section */
		AE12B4171BDCB42C0051FACA /* main.m in Sources */ = {isa = PBXBuildFile; fileRef = AE12B4161BDCB42C0051FACA /* main.m */; };
		AE12B41A1BDCB42C0051FACA /* AppDelegate.m in Sources */ = {isa = PBXBuildFile; fileRef = AE12B4191BDCB42C0051FACA /* AppDelegate.m */; };
		AE12B41D1BDCB42C0051FACA /* ViewController.m in Sources */ = {isa = PBXBuildFile; fileRef = AE12B41C1BDCB42C0051FACA /* ViewController.m */; };
		AE12B4201BDCB42C0051FACA /* Main.storyboard in Resources */ = {isa = PBXBuildFile; fileRef = AE12B41E1BDCB42C0051FACA /* Main.storyboard */; };
		AE12B4231BDCB42C0051FACA /* NewFibGenObjC.xcdatamodeld in Sources */ = {isa = PBXBuildFile; fileRef = AE12B4211BDCB42C0051FACA /* NewFibGenObjC.xcdatamodeld */; };
		AE12B4251BDCB42C0051FACA /* Assets.xcassets in Resources */ = {isa = PBXBuildFile; fileRef = AE12B4241BDCB42C0051FACA /* Assets.xcassets */; };
		AE12B4281BDCB42C0051FACA /* LaunchScreen.storyboard in Resources */ = {isa = PBXBuildFile; fileRef = AE12B4261BDCB42C0051FACA /* LaunchScreen.storyboard */; };
/* End PBXBuildFile section */

/* Begin PBXFileReference section */
		AE12B4121BDCB42C0051FACA /* NewFibGenObjC.app */ = {isa = PBXFileReference; explicitFileType = wrapper.application; includeInIndex = 0; path = NewFibGenObjC.app; sourceTree = BUILT_PRODUCTS_DIR; };
		AE12B4161BDCB42C0051FACA /* main.m */ = {isa = PBXFileReference; lastKnownFileType = sourcecode.c.objc; path = main.m; sourceTree = "<group>"; };
		AE12B4181BDCB42C0051FACA /* AppDelegate.h */ = {isa = PBXFileReference; lastKnownFileType = sourcecode.c.h; path = AppDelegate.h; sourceTree = "<group>"; };
		AE12B4191BDCB42C0051FACA /* AppDelegate.m */ = {isa = PBXFileReference; lastKnownFileType = sourcecode.c.objc; path = AppDelegate.m; sourceTree = "<group>"; };
		AE12B41B1BDCB42C0051FACA /* ViewController.h */ = {isa = PBXFileReference; lastKnownFileType = sourcecode.c.h; path = ViewController.h; sourceTree = "<group>"; };
		AE12B41C1BDCB42C0051FACA /* ViewController.m */ = {isa = PBXFileReference; lastKnownFileType = sourcecode.c.objc; path = ViewController.m; sourceTree = "<group>"; };
		AE12B41F1BDCB42C0051FACA /* Base */ = {isa = PBXFileReference; lastKnownFileType = file.storyboard; name = Base; path = Base.lproj/Main.storyboard; sourceTree = "<group>"; };
		AE12B4221BDCB42C0051FACA /* NewFibGenObjC.xcdatamodel */ = {isa = PBXFileReference; lastKnownFileType = wrapper.xcdatamodel; path = NewFibGenObjC.xcdatamodel; sourceTree = "<group>"; };
		AE12B4241BDCB42C0051FACA /* Assets.xcassets */ = {isa = PBXFileReference; lastKnownFileType = folder.assetcatalog; path = Assets.xcassets; sourceTree = "<group>"; };
		AE12B4271BDCB42C0051FACA /* Base */ = {isa = PBXFileReference; lastKnownFileType = file.storyboard; name = Base; path = Base.lproj/LaunchScreen.storyboard; sourceTree = "<group>"; };
		AE12B4291BDCB42C0051FACA /* Info.plist */ = {isa = PBXFileReference; lastKnownFileType = text.plist.xml; path = Info.plist; sourceTree = "<group>"; };
/* End PBXFileReference section */

/* Begin PBXFrameworksBuildPhase section */
		AE12B40F1BDCB42C0051FACA /* Frameworks */ = {
			isa = PBXFrameworksBuildPhase;
			buildActionMask = 2147483647;
			files = (
			);
			runOnlyForDeploymentPostprocessing = 0;
		};
/* End PBXFrameworksBuildPhase section */

/* Begin PBXGroup section */
		AE12B4091BDCB42C0051FACA = {
			isa = PBXGroup;
			children = (
				AE12B4141BDCB42C0051FACA /* NewFibGenObjC */,
				AE12B4131BDCB42C0051FACA /* Products */,
			);
			sourceTree = "<group>";
		};
		AE12B4131BDCB42C0051FACA /* Products */ = {
			isa = PBXGroup;
			children = (
				AE12B4121BDCB42C0051FACA /* NewFibGenObjC.app */,
			);
			name = Products;
			sourceTree = "<group>";
		};
		AE12B4141BDCB42C0051FACA /* NewFibGenObjC */ = {
			isa = PBXGroup;
			children = (
				AE12B4181BDCB42C0051FACA /* AppDelegate.h */,
				AE12B4191BDCB42C0051FACA /* AppDelegate.m */,
				AE12B41B1BDCB42C0051FACA /* ViewController.h */,
				AE12B41C1BDCB42C0051FACA /* ViewController.m */,
				AE12B41E1BDCB42C0051FACA /* Main.storyboard */,
				AE12B4241BDCB42C0051FACA /* Assets.xcassets */,
				AE12B4261BDCB42C0051FACA /* LaunchScreen.storyboard */,
				AE12B4291BDCB42C0051FACA /* Info.plist */,
				AE12B4211BDCB42C0051FACA /* NewFibGenObjC.xcdatamodeld */,
				AE12B4151BDCB42C0051FACA /* Supporting Files */,
			);
			path = NewFibGenObjC;
			sourceTree = "<group>";
		};
		AE12B4151BDCB42C0051FACA /* Supporting Files */ = {
			isa = PBXGroup;
			children = (
				AE12B4161BDCB42C0051FACA /* main.m */,
			);
			name = "Supporting Files";
			sourceTree = "<group>";
		};
/* End PBXGroup section */

/* Begin PBXNativeTarget section */
		AE12B4111BDCB42C0051FACA /* NewFibGenObjC */ = {
			isa = PBXNativeTarget;
			buildConfigurationList = AE12B42C1BDCB42C0051FACA /* Build configuration list for PBXNativeTarget "NewFibGenObjC" */;
			buildPhases = (
				AE12B40E1BDCB42C0051FACA /* Sources */,
				AE12B40F1BDCB42C0051FACA /* Frameworks */,
				AE12B4101BDCB42C0051FACA /* Resources */,
			);
			buildRules = (
			);
			dependencies = (
			);
			name = NewFibGenObjC;
			productName = NewFibGenObjC;
			productReference = AE12B4121BDCB42C0051FACA /* NewFibGenObjC.app */;
			productType = "com.apple.product-type.application";
		};
/* End PBXNativeTarget section */

/* Begin PBXProject section */
		AE12B40A1BDCB42C0051FACA /* Project object */ = {
			isa = PBXProject;
			attributes = {
				LastUpgradeCheck = 0710;
				ORGANIZATIONNAME = "William Smith";
				TargetAttributes = {
					AE12B4111BDCB42C0051FACA = {
						CreatedOnToolsVersion = 7.1;
					};
				};
			};
			buildConfigurationList = AE12B40D1BDCB42C0051FACA /* Build configuration list for PBXProject "NewFibGenObjC" */;
			compatibilityVersion = "Xcode 3.2";
			developmentRegion = English;
			hasScannedForEncodings = 0;
			knownRegions = (
				en,
				Base,
			);
			mainGroup = AE12B4091BDCB42C0051FACA;
			productRefGroup = AE12B4131BDCB42C0051FACA /* Products */;
			projectDirPath = "";
			projectRoot = "";
			targets = (
				AE12B4111BDCB42C0051FACA /* NewFibGenObjC */,
			);
		};
/* End PBXProject section */

/* Begin PBXResourcesBuildPhase section */
		AE12B4101BDCB42C0051FACA /* Resources */ = {
			isa = PBXResourcesBuildPhase;
			buildActionMask = 2147483647;
			files = (
				AE12B4281BDCB42C0051FACA /* LaunchScreen.storyboard in Resources */,
				AE12B4251BDCB42C0051FACA /* Assets.xcassets in Resources */,
				AE12B4201BDCB42C0051FACA /* Main.storyboard in Resources */,
			);
			runOnlyForDeploymentPostprocessing = 0;
		};
/* End PBXResourcesBuildPhase section */

/* Begin PBXSourcesBuildPhase section */
		AE12B40E1BDCB42C0051FACA /* Sources */ = {
			isa = PBXSourcesBuildPhase;
			buildActionMask = 2147483647;
			files = (
				AE12B41D1BDCB42C0051FACA /* ViewController.m in Sources */,
				AE12B4231BDCB42C0051FACA /* NewFibGenObjC.xcdatamodeld in Sources */,
				AE12B41A1BDCB42C0051FACA /* AppDelegate.m in Sources */,
				AE12B4171BDCB42C0051FACA /* main.m in Sources */,
			);
			runOnlyForDeploymentPostprocessing = 0;
		};
/* End PBXSourcesBuildPhase section */

/* Begin PBXVariantGroup section */
		AE12B41E1BDCB42C0051FACA /* Main.storyboard */ = {
			isa = PBXVariantGroup;
			children = (
				AE12B41F1BDCB42C0051FACA /* Base */,
			);
			name = Main.storyboard;
			sourceTree = "<group>";
		};
		AE12B4261BDCB42C0051FACA /* LaunchScreen.storyboard */ = {
			isa = PBXVariantGroup;
			children = (
				AE12B4271BDCB42C0051FACA /* Base */,
			);
			name = LaunchScreen.storyboard;
			sourceTree = "<group>";
		};
/* End PBXVariantGroup section */

/* Begin XCBuildConfiguration section */
		AE12B42A1BDCB42C0051FACA /* Debug */ = {
			isa = XCBuildConfiguration;
			buildSettings = {
				ALWAYS_SEARCH_USER_PATHS = NO;
				CLANG_CXX_LANGUAGE_STANDARD = "gnu++0x";
				CLANG_CXX_LIBRARY = "libc++";
				CLANG_ENABLE_MODULES = YES;
				CLANG_ENABLE_OBJC_ARC = YES;
				CLANG_WARN_BOOL_CONVERSION = YES;
				CLANG_WARN_CONSTANT_CONVERSION = YES;
				CLANG_WARN_DIRECT_OBJC_ISA_USAGE = YES_ERROR;
				CLANG_WARN_EMPTY_BODY = YES;
				CLANG_WARN_ENUM_CONVERSION = YES;
				CLANG_WARN_INT_CONVERSION = YES;
				CLANG_WARN_OBJC_ROOT_CLASS = YES_ERROR;
				CLANG_WARN_UNREACHABLE_CODE = YES;
				CLANG_WARN__DUPLICATE_METHOD_MATCH = YES;
				"CODE_SIGN_IDENTITY[sdk=iphoneos*]" = "iPhone Developer";
				COPY_PHASE_STRIP = NO;
				DEBUG_INFORMATION_FORMAT = dwarf;
				ENABLE_STRICT_OBJC_MSGSEND = YES;
				ENABLE_TESTABILITY = YES;
				GCC_C_LANGUAGE_STANDARD = gnu99;
				GCC_DYNAMIC_NO_PIC = NO;
				GCC_NO_COMMON_BLOCKS = YES;
				GCC_OPTIMIZATION_LEVEL = 0;
				GCC_PREPROCESSOR_DEFINITIONS = (
					"DEBUG=1",
					"$(inherited)",
				);
				GCC_WARN_64_TO_32_BIT_CONVERSION = YES;
				GCC_WARN_ABOUT_RETURN_TYPE = YES_ERROR;
				GCC_WARN_UNDECLARED_SELECTOR = YES;
				GCC_WARN_UNINITIALIZED_AUTOS = YES_AGGRESSIVE;
				GCC_WARN_UNUSED_FUNCTION = YES;
				GCC_WARN_UNUSED_VARIABLE = YES;
				IPHONEOS_DEPLOYMENT_TARGET = 9.1;
				MTL_ENABLE_DEBUG_INFO = YES;
				ONLY_ACTIVE_ARCH = YES;
				SDKROOT = iphoneos;
			};
			name = Debug;
		};
		AE12B42B1BDCB42C0051FACA /* Release */ = {
			isa = XCBuildConfiguration;
			buildSettings = {
				ALWAYS_SEARCH_USER_PATHS = NO;
				CLANG_CXX_LANGUAGE_STANDARD = "gnu++0x";
				CLANG_CXX_LIBRARY = "libc++";
				CLANG_ENABLE_MODULES = YES;
				CLANG_ENABLE_OBJC_ARC = YES;
				CLANG_WARN_BOOL_CONVERSION = YES;
				CLANG_WARN_CONSTANT_CONVERSION = YES;
				CLANG_WARN_DIRECT_OBJC_ISA_USAGE = YES_ERROR;
				CLANG_WARN_EMPTY_BODY = YES;
				CLANG_WARN_ENUM_CONVERSION = YES;
				CLANG_WARN_INT_CONVERSION = YES;
				CLANG_WARN_OBJC_ROOT_CLASS = YES_ERROR;
				CLANG_WARN_UNREACHABLE_CODE = YES;
				CLANG_WARN__DUPLICATE_METHOD_MATCH = YES;
				"CODE_SIGN_IDENTITY[sdk=iphoneos*]" = "iPhone Developer";
				COPY_PHASE_STRIP = NO;
				DEBUG_INFORMATION_FORMAT = "dwarf-with-dsym";
				ENABLE_NS_ASSERTIONS = NO;
				ENABLE_STRICT_OBJC_MSGSEND = YES;
				GCC_C_LANGUAGE_STANDARD = gnu99;
				GCC_NO_COMMON_BLOCKS = YES;
				GCC_WARN_64_TO_32_BIT_CONVERSION = YES;
				GCC_WARN_ABOUT_RETURN_TYPE = YES_ERROR;
				GCC_WARN_UNDECLARED_SELECTOR = YES;
				GCC_WARN_UNINITIALIZED_AUTOS = YES_AGGRESSIVE;
				GCC_WARN_UNUSED_FUNCTION = YES;
				GCC_WARN_UNUSED_VARIABLE = YES;
				IPHONEOS_DEPLOYMENT_TARGET = 9.1;
				MTL_ENABLE_DEBUG_INFO = NO;
				SDKROOT = iphoneos;
				VALIDATE_PRODUCT = YES;
			};
			name = Release;
		};
		AE12B42D1BDCB42C0051FACA /* Debug */ = {
			isa = XCBuildConfiguration;
			buildSettings = {
				ASSETCATALOG_COMPILER_APPICON_NAME = AppIcon;
				INFOPLIST_FILE = NewFibGenObjC/Info.plist;
				LD_RUNPATH_SEARCH_PATHS = "$(inherited) @executable_path/Frameworks";
				PRODUCT_BUNDLE_IDENTIFIER = edu.umsl.NewFibGenObjC;
				PRODUCT_NAME = "$(TARGET_NAME)";
			};
			name = Debug;
		};
		AE12B42E1BDCB42C0051FACA /* Release */ = {
			isa = XCBuildConfiguration;
			buildSettings = {
				ASSETCATALOG_COMPILER_APPICON_NAME = AppIcon;
				INFOPLIST_FILE = NewFibGenObjC/Info.plist;
				LD_RUNPATH_SEARCH_PATHS = "$(inherited) @executable_path/Frameworks";
				PRODUCT_BUNDLE_IDENTIFIER = edu.umsl.NewFibGenObjC;
				PRODUCT_NAME = "$(TARGET_NAME)";
			};
			name = Release;
		};
/* End XCBuildConfiguration section */

/* Begin XCConfigurationList section */
		AE12B40D1BDCB42C0051FACA /* Build configuration list for PBXProject "NewFibGenObjC" */ = {
			isa = XCConfigurationList;
			buildConfigurations = (
				AE12B42A1BDCB42C0051FACA /* Debug */,
				AE12B42B1BDCB42C0051FACA /* Release */,
			);
			defaultConfigurationIsVisible = 0;
			defaultConfigurationName = Release;
		};
		AE12B42C1BDCB42C0051FACA /* Build configuration list for PBXNativeTarget "NewFibGenObjC" */ = {
			isa = XCConfigurationList;
			buildConfigurations = (
				AE12B42D1BDCB42C0051FACA /* Debug */,
				AE12B42E1BDCB42C0051FACA /* Release */,
			);
			defaultConfigurationIsVisible = 0;
		};
/* End XCConfigurationList section */

/* Begin XCVersionGroup section */
		AE12B4211BDCB42C0051FACA /* NewFibGenObjC.xcdatamodeld */ = {
			isa = XCVersionGroup;
			children = (
				AE12B4221BDCB42C0051FACA /* NewFibGenObjC.xcdatamodel */,
			);
			currentVersion = AE12B4221BDCB42C0051FACA /* NewFibGenObjC.xcdatamodel */;
			path = NewFibGenObjC.xcdatamodeld;
			sourceTree = "<group>";
			versionGroupType = wrapper.xcdatamodel;
		};
/* End XCVersionGroup section */
	};
	rootObject = AE12B40A1BDCB42C0051FACA /* Project object */;
}
