// !$*UTF8*$!
{
	archiveVersion = 1;
	classes = {
	};
	objectVersion = 46;
	objects = {

/* Begin PBXBuildFile section */
		AE7E356B1BCC855300120CE2 /* main.m in Sources */ = {isa = PBXBuildFile; fileRef = AE7E356A1BCC855300120CE2 /* main.m */; };
		AE7E356E1BCC855300120CE2 /* AppDelegate.m in Sources */ = {isa = PBXBuildFile; fileRef = AE7E356D1BCC855300120CE2 /* AppDelegate.m */; };
		AE7E35711BCC855300120CE2 /* ViewController.m in Sources */ = {isa = PBXBuildFile; fileRef = AE7E35701BCC855300120CE2 /* ViewController.m */; };
		AE7E35741BCC855300120CE2 /* Main.storyboard in Resources */ = {isa = PBXBuildFile; fileRef = AE7E35721BCC855300120CE2 /* Main.storyboard */; };
		AE7E35761BCC855400120CE2 /* Assets.xcassets in Resources */ = {isa = PBXBuildFile; fileRef = AE7E35751BCC855400120CE2 /* Assets.xcassets */; };
		AE7E35791BCC855400120CE2 /* LaunchScreen.storyboard in Resources */ = {isa = PBXBuildFile; fileRef = AE7E35771BCC855400120CE2 /* LaunchScreen.storyboard */; };
/* End PBXBuildFile section */

/* Begin PBXFileReference section */
		AE7E35661BCC855300120CE2 /* resignKeyboard.app */ = {isa = PBXFileReference; explicitFileType = wrapper.application; includeInIndex = 0; path = resignKeyboard.app; sourceTree = BUILT_PRODUCTS_DIR; };
		AE7E356A1BCC855300120CE2 /* main.m */ = {isa = PBXFileReference; lastKnownFileType = sourcecode.c.objc; path = main.m; sourceTree = "<group>"; };
		AE7E356C1BCC855300120CE2 /* AppDelegate.h */ = {isa = PBXFileReference; lastKnownFileType = sourcecode.c.h; path = AppDelegate.h; sourceTree = "<group>"; };
		AE7E356D1BCC855300120CE2 /* AppDelegate.m */ = {isa = PBXFileReference; lastKnownFileType = sourcecode.c.objc; path = AppDelegate.m; sourceTree = "<group>"; };
		AE7E356F1BCC855300120CE2 /* ViewController.h */ = {isa = PBXFileReference; lastKnownFileType = sourcecode.c.h; path = ViewController.h; sourceTree = "<group>"; };
		AE7E35701BCC855300120CE2 /* ViewController.m */ = {isa = PBXFileReference; lastKnownFileType = sourcecode.c.objc; path = ViewController.m; sourceTree = "<group>"; };
		AE7E35731BCC855300120CE2 /* Base */ = {isa = PBXFileReference; lastKnownFileType = file.storyboard; name = Base; path = Base.lproj/Main.storyboard; sourceTree = "<group>"; };
		AE7E35751BCC855400120CE2 /* Assets.xcassets */ = {isa = PBXFileReference; lastKnownFileType = folder.assetcatalog; path = Assets.xcassets; sourceTree = "<group>"; };
		AE7E35781BCC855400120CE2 /* Base */ = {isa = PBXFileReference; lastKnownFileType = file.storyboard; name = Base; path = Base.lproj/LaunchScreen.storyboard; sourceTree = "<group>"; };
		AE7E357A1BCC855400120CE2 /* Info.plist */ = {isa = PBXFileReference; lastKnownFileType = text.plist.xml; path = Info.plist; sourceTree = "<group>"; };
/* End PBXFileReference section */

/* Begin PBXFrameworksBuildPhase section */
		AE7E35631BCC855300120CE2 /* Frameworks */ = {
			isa = PBXFrameworksBuildPhase;
			buildActionMask = 2147483647;
			files = (
			);
			runOnlyForDeploymentPostprocessing = 0;
		};
/* End PBXFrameworksBuildPhase section */

/* Begin PBXGroup section */
		AE7E355D1BCC855300120CE2 = {
			isa = PBXGroup;
			children = (
				AE7E35681BCC855300120CE2 /* resignKeyboard */,
				AE7E35671BCC855300120CE2 /* Products */,
			);
			sourceTree = "<group>";
		};
		AE7E35671BCC855300120CE2 /* Products */ = {
			isa = PBXGroup;
			children = (
				AE7E35661BCC855300120CE2 /* resignKeyboard.app */,
			);
			name = Products;
			sourceTree = "<group>";
		};
		AE7E35681BCC855300120CE2 /* resignKeyboard */ = {
			isa = PBXGroup;
			children = (
				AE7E356C1BCC855300120CE2 /* AppDelegate.h */,
				AE7E356D1BCC855300120CE2 /* AppDelegate.m */,
				AE7E356F1BCC855300120CE2 /* ViewController.h */,
				AE7E35701BCC855300120CE2 /* ViewController.m */,
				AE7E35721BCC855300120CE2 /* Main.storyboard */,
				AE7E35751BCC855400120CE2 /* Assets.xcassets */,
				AE7E35771BCC855400120CE2 /* LaunchScreen.storyboard */,
				AE7E357A1BCC855400120CE2 /* Info.plist */,
				AE7E35691BCC855300120CE2 /* Supporting Files */,
			);
			path = resignKeyboard;
			sourceTree = "<group>";
		};
		AE7E35691BCC855300120CE2 /* Supporting Files */ = {
			isa = PBXGroup;
			children = (
				AE7E356A1BCC855300120CE2 /* main.m */,
			);
			name = "Supporting Files";
			sourceTree = "<group>";
		};
/* End PBXGroup section */

/* Begin PBXNativeTarget section */
		AE7E35651BCC855300120CE2 /* resignKeyboard */ = {
			isa = PBXNativeTarget;
			buildConfigurationList = AE7E357D1BCC855400120CE2 /* Build configuration list for PBXNativeTarget "resignKeyboard" */;
			buildPhases = (
				AE7E35621BCC855300120CE2 /* Sources */,
				AE7E35631BCC855300120CE2 /* Frameworks */,
				AE7E35641BCC855300120CE2 /* Resources */,
			);
			buildRules = (
			);
			dependencies = (
			);
			name = resignKeyboard;
			productName = resignKeyboard;
			productReference = AE7E35661BCC855300120CE2 /* resignKeyboard.app */;
			productType = "com.apple.product-type.application";
		};
/* End PBXNativeTarget section */

/* Begin PBXProject section */
		AE7E355E1BCC855300120CE2 /* Project object */ = {
			isa = PBXProject;
			attributes = {
				LastUpgradeCheck = 0700;
				ORGANIZATIONNAME = "William Smith";
				TargetAttributes = {
					AE7E35651BCC855300120CE2 = {
						CreatedOnToolsVersion = 7.0.1;
					};
				};
			};
			buildConfigurationList = AE7E35611BCC855300120CE2 /* Build configuration list for PBXProject "resignKeyboard" */;
			compatibilityVersion = "Xcode 3.2";
			developmentRegion = English;
			hasScannedForEncodings = 0;
			knownRegions = (
				en,
				Base,
			);
			mainGroup = AE7E355D1BCC855300120CE2;
			productRefGroup = AE7E35671BCC855300120CE2 /* Products */;
			projectDirPath = "";
			projectRoot = "";
			targets = (
				AE7E35651BCC855300120CE2 /* resignKeyboard */,
			);
		};
/* End PBXProject section */

/* Begin PBXResourcesBuildPhase section */
		AE7E35641BCC855300120CE2 /* Resources */ = {
			isa = PBXResourcesBuildPhase;
			buildActionMask = 2147483647;
			files = (
				AE7E35791BCC855400120CE2 /* LaunchScreen.storyboard in Resources */,
				AE7E35761BCC855400120CE2 /* Assets.xcassets in Resources */,
				AE7E35741BCC855300120CE2 /* Main.storyboard in Resources */,
			);
			runOnlyForDeploymentPostprocessing = 0;
		};
/* End PBXResourcesBuildPhase section */

/* Begin PBXSourcesBuildPhase section */
		AE7E35621BCC855300120CE2 /* Sources */ = {
			isa = PBXSourcesBuildPhase;
			buildActionMask = 2147483647;
			files = (
				AE7E35711BCC855300120CE2 /* ViewController.m in Sources */,
				AE7E356E1BCC855300120CE2 /* AppDelegate.m in Sources */,
				AE7E356B1BCC855300120CE2 /* main.m in Sources */,
			);
			runOnlyForDeploymentPostprocessing = 0;
		};
/* End PBXSourcesBuildPhase section */

/* Begin PBXVariantGroup section */
		AE7E35721BCC855300120CE2 /* Main.storyboard */ = {
			isa = PBXVariantGroup;
			children = (
				AE7E35731BCC855300120CE2 /* Base */,
			);
			name = Main.storyboard;
			sourceTree = "<group>";
		};
		AE7E35771BCC855400120CE2 /* LaunchScreen.storyboard */ = {
			isa = PBXVariantGroup;
			children = (
				AE7E35781BCC855400120CE2 /* Base */,
			);
			name = LaunchScreen.storyboard;
			sourceTree = "<group>";
		};
/* End PBXVariantGroup section */

/* Begin XCBuildConfiguration section */
		AE7E357B1BCC855400120CE2 /* Debug */ = {
			isa = XCBuildConfiguration;
			buildSettings = {
				ALWAYS_SEARCH_USER_PATHS = NO;
				CLANG_CXX_LANGUAGE_STANDARD = "gnu++0x";
				CLANG_CXX_LIBRARY = "libc++";
				CLANG_ENABLE_MODULES = YES;
				CLANG_ENABLE_OBJC_ARC = YES;
				CLANG_WARN_BOOL_CONVERSION = YES;
				CLANG_WARN_CONSTANT_CONVERSION = YES;
				CLANG_WARN_DIRECT_OBJC_ISA_USAGE = YES_ERROR;
				CLANG_WARN_EMPTY_BODY = YES;
				CLANG_WARN_ENUM_CONVERSION = YES;
				CLANG_WARN_INT_CONVERSION = YES;
				CLANG_WARN_OBJC_ROOT_CLASS = YES_ERROR;
				CLANG_WARN_UNREACHABLE_CODE = YES;
				CLANG_WARN__DUPLICATE_METHOD_MATCH = YES;
				"CODE_SIGN_IDENTITY[sdk=iphoneos*]" = "iPhone Developer";
				COPY_PHASE_STRIP = NO;
				DEBUG_INFORMATION_FORMAT = dwarf;
				ENABLE_STRICT_OBJC_MSGSEND = YES;
				ENABLE_TESTABILITY = YES;
				GCC_C_LANGUAGE_STANDARD = gnu99;
				GCC_DYNAMIC_NO_PIC = NO;
				GCC_NO_COMMON_BLOCKS = YES;
				GCC_OPTIMIZATION_LEVEL = 0;
				GCC_PREPROCESSOR_DEFINITIONS = (
					"DEBUG=1",
					"$(inherited)",
				);
				GCC_WARN_64_TO_32_BIT_CONVERSION = YES;
				GCC_WARN_ABOUT_RETURN_TYPE = YES_ERROR;
				GCC_WARN_UNDECLARED_SELECTOR = YES;
				GCC_WARN_UNINITIALIZED_AUTOS = YES_AGGRESSIVE;
				GCC_WARN_UNUSED_FUNCTION = YES;
				GCC_WARN_UNUSED_VARIABLE = YES;
				IPHONEOS_DEPLOYMENT_TARGET = 9.0;
				MTL_ENABLE_DEBUG_INFO = YES;
				ONLY_ACTIVE_ARCH = YES;
				SDKROOT = iphoneos;
			};
			name = Debug;
		};
		AE7E357C1BCC855400120CE2 /* Release */ = {
			isa = XCBuildConfiguration;
			buildSettings = {
				ALWAYS_SEARCH_USER_PATHS = NO;
				CLANG_CXX_LANGUAGE_STANDARD = "gnu++0x";
				CLANG_CXX_LIBRARY = "libc++";
				CLANG_ENABLE_MODULES = YES;
				CLANG_ENABLE_OBJC_ARC = YES;
				CLANG_WARN_BOOL_CONVERSION = YES;
				CLANG_WARN_CONSTANT_CONVERSION = YES;
				CLANG_WARN_DIRECT_OBJC_ISA_USAGE = YES_ERROR;
				CLANG_WARN_EMPTY_BODY = YES;
				CLANG_WARN_ENUM_CONVERSION = YES;
				CLANG_WARN_INT_CONVERSION = YES;
				CLANG_WARN_OBJC_ROOT_CLASS = YES_ERROR;
				CLANG_WARN_UNREACHABLE_CODE = YES;
				CLANG_WARN__DUPLICATE_METHOD_MATCH = YES;
				"CODE_SIGN_IDENTITY[sdk=iphoneos*]" = "iPhone Developer";
				COPY_PHASE_STRIP = NO;
				DEBUG_INFORMATION_FORMAT = "dwarf-with-dsym";
				ENABLE_NS_ASSERTIONS = NO;
				ENABLE_STRICT_OBJC_MSGSEND = YES;
				GCC_C_LANGUAGE_STANDARD = gnu99;
				GCC_NO_COMMON_BLOCKS = YES;
				GCC_WARN_64_TO_32_BIT_CONVERSION = YES;
				GCC_WARN_ABOUT_RETURN_TYPE = YES_ERROR;
				GCC_WARN_UNDECLARED_SELECTOR = YES;
				GCC_WARN_UNINITIALIZED_AUTOS = YES_AGGRESSIVE;
				GCC_WARN_UNUSED_FUNCTION = YES;
				GCC_WARN_UNUSED_VARIABLE = YES;
				IPHONEOS_DEPLOYMENT_TARGET = 9.0;
				MTL_ENABLE_DEBUG_INFO = NO;
				SDKROOT = iphoneos;
				VALIDATE_PRODUCT = YES;
			};
			name = Release;
		};
		AE7E357E1BCC855400120CE2 /* Debug */ = {
			isa = XCBuildConfiguration;
			buildSettings = {
				ASSETCATALOG_COMPILER_APPICON_NAME = AppIcon;
				INFOPLIST_FILE = resignKeyboard/Info.plist;
				LD_RUNPATH_SEARCH_PATHS = "$(inherited) @executable_path/Frameworks";
				PRODUCT_BUNDLE_IDENTIFIER = edu.umsl.resignKeyboard;
				PRODUCT_NAME = "$(TARGET_NAME)";
			};
			name = Debug;
		};
		AE7E357F1BCC855400120CE2 /* Release */ = {
			isa = XCBuildConfiguration;
			buildSettings = {
				ASSETCATALOG_COMPILER_APPICON_NAME = AppIcon;
				INFOPLIST_FILE = resignKeyboard/Info.plist;
				LD_RUNPATH_SEARCH_PATHS = "$(inherited) @executable_path/Frameworks";
				PRODUCT_BUNDLE_IDENTIFIER = edu.umsl.resignKeyboard;
				PRODUCT_NAME = "$(TARGET_NAME)";
			};
			name = Release;
		};
/* End XCBuildConfiguration section */

/* Begin XCConfigurationList section */
		AE7E35611BCC855300120CE2 /* Build configuration list for PBXProject "resignKeyboard" */ = {
			isa = XCConfigurationList;
			buildConfigurations = (
				AE7E357B1BCC855400120CE2 /* Debug */,
				AE7E357C1BCC855400120CE2 /* Release */,
			);
			defaultConfigurationIsVisible = 0;
			defaultConfigurationName = Release;
		};
		AE7E357D1BCC855400120CE2 /* Build configuration list for PBXNativeTarget "resignKeyboard" */ = {
			isa = XCConfigurationList;
			buildConfigurations = (
				AE7E357E1BCC855400120CE2 /* Debug */,
				AE7E357F1BCC855400120CE2 /* Release */,
			);
			defaultConfigurationIsVisible = 0;
		};
/* End XCConfigurationList section */
	};
	rootObject = AE7E355E1BCC855300120CE2 /* Project object */;
}
